<?xml version="1.0" encoding="utf-8"?>
<Project ToolsVersion="4.0" xmlns="http://schemas.microsoft.com/developer/msbuild/2003">
  <ItemGroup>
    <Filter Include="Source Files">
      <UniqueIdentifier>{3d20e30c-9b65-477a-9cfb-82fb769875da}</UniqueIdentifier>
      <Extensions>cpp;c;cxx;def;odl;idl;hpj;bat;asm</Extensions>
    </Filter>
    <Filter Include="Header Files">
      <UniqueIdentifier>{a12295b6-d41c-45e8-ad57-a35e14ab135a}</UniqueIdentifier>
      <Extensions>h;hpp;hxx;hm;inl;inc</Extensions>
    </Filter>
    <Filter Include="Resource Files">
      <UniqueIdentifier>{a2f6ced5-4f5a-4fc0-911b-aff3cc3abf12}</UniqueIdentifier>
      <Extensions>rc;ico;cur;bmp;dlg;rc2;rct;bin;rgs;jpg;jpeg;jpe;manifest</Extensions>
    </Filter>
  </ItemGroup>
  <ItemGroup>
    <ClCompile Include="stdafx.cpp">
      <Filter>Source Files</Filter>
    </ClCompile>
    <ClCompile Include="Color.cpp">
      <Filter>Source Files</Filter>
    </ClCompile>
    <ClCompile Include="MainDlg.cpp">
      <Filter>Source Files</Filter>
    </ClCompile>
    <ClCompile Include="GTDrawHelper.cpp">
      <Filter>Source Files</Filter>
    </ClCompile>
  </ItemGroup>
  <ItemGroup>
    <ClInclude Include="stdafx.h">
      <Filter>Header Files</Filter>
    </ClInclude>
    <ClInclude Include="MainDlg.h">
      <Filter>Header Files</Filter>
    </ClInclude>
    <ClInclude Include="resource.h">
      <Filter>Header Files</Filter>
    </ClInclude>
    <ClInclude Include="BitmapBtn.h">
      <Filter>Header Files</Filter>
    </ClInclude>
    <ClInclude Include="GroupBoxEx.h">
      <Filter>Header Files</Filter>
    </ClInclude>
    <ClInclude Include="ListBoxEx.h">
      <Filter>Header Files</Filter>
    </ClInclude>
    <ClInclude Include="ComboBoxFx.h">
      <Filter>Header Files</Filter>
    </ClInclude>
    <ClInclude Include="GDI+.h">
      <Filter>Header Files</Filter>
    </ClInclude>
    <ClInclude Include="CGdiPlusBitmap.h">
      <Filter>Header Files</Filter>
    </ClInclude>
    <ClInclude Include="DropPerWnd.h">
      <Filter>Header Files</Filter>
    </ClInclude>
    <ClInclude Include="SelColWnd.h">
      <Filter>Header Files</Filter>
    </ClInclude>
    <ClInclude Include="PicColWnd.h">
      <Filter>Header Files</Filter>
    </ClInclude>
    <ClInclude Include="AboutDlg.h">
      <Filter>Header Files</Filter>
    </ClInclude>
    <ClInclude Include="GTDrawHelper.h">
      <Filter>Header Files</Filter>
    </ClInclude>
    <ClInclude Include="EditEx.h">
      <Filter>Header Files</Filter>
    </ClInclude>
    <ClInclude Include="ComboMenu.h">
      <Filter>Header Files</Filter>
    </ClInclude>
  </ItemGroup>
  <ItemGroup>
    <ResourceCompile Include="Color.rc">
      <Filter>Resource Files</Filter>
    </ResourceCompile>
  </ItemGroup>
  <ItemGroup>
    <Image Include="res\Color.ico">
      <Filter>Resource Files</Filter>
    </Image>
    <Image Include="res\close.png" />
    <Image Include="res\droplist.png" />
    <Image Include="res\dropper.png" />
    <Image Include="res\dropper.ico">
      <Filter>Resource Files</Filter>
    </Image>
    <Image Include="res\menu.png" />
    <Image Include="res\ab.png" />
    <Image Include="..\..\Color16 - 副本\Color\res\dropper.ico">
      <Filter>Resource Files</Filter>
    </Image>
    <Image Include="res\ddd.bmp">
      <Filter>Resource Files</Filter>
    </Image>
    <Image Include="res\min.png" />
  </ItemGroup>
  <ItemGroup>
    <None Include="res\dropcur.cur">
      <Filter>Resource Files</Filter>
    </None>
    <None Include="res\arrow blue.cur">
      <Filter>Resource Files</Filter>
    </None>
    <None Include="res\ibeam blue.cur">
      <Filter>Resource Files</Filter>
    </None>
  </ItemGroup>
</Project>